{
  "name": "gemini",
  "version": "1.0.0",
  "lockfileVersion": 3,
  "requires": true,
  "packages": {
    "": {
      "name": "gemini",
      "version": "1.0.0",
      "license": "ISC",
      "dependencies": {
        "@google/generative-ai": "^0.17.1"
      },
      "devDependencies": {
        "typescript": "^5.5.4"
      }
    },
    "node_modules/@google/generative-ai": {
      "version": "0.17.1",
      "resolved": "https://registry.npmjs.org/@google/generative-ai/-/generative-ai-0.17.1.tgz",
      "integrity": "sha512-TgWz02c5l2XJlEDys81UVat5+Qg9xqmYah7tQt6xlsBwFvzIFPz64aZFGd1av2sxT22NsssqLATjNsusAIJICA==",
      "engines": {
        "node": ">=18.0.0"
      }
    },
    "node_modules/typescript": {
      "version": "5.5.4",
      "resolved": "https://registry.npmjs.org/typescript/-/typescript-5.5.4.tgz",
      "integrity": "sha512-Mtq29sKDAEYP7aljRgtPOpTvOfbwRWlS6dPRzwjdE+C0R4brX/GUyhHSecbHMFLNBLcJIPt9nl9yG5TZ1weH+Q==",
      "dev": true,
      "bin": {
        "tsc": "bin/tsc",
        "tsserver": "bin/tsserver"
      },
      "engines": {
        "node": ">=14.17"
      }
    }
  }
}
